{
    "_readme": [
        "This file locks the dependencies of your project to a known state",
        "Read more about it at https://getcomposer.org/doc/01-basic-usage.md#composer-lock-the-lock-file",
        "This file is @generated automatically"
    ],
    "hash": "68a5cfb68249adff393f9f9aac93b77a",
    "content-hash": "5dad72767f24fa6085084c1ad865c8dc",
    "packages": [
        {
            "name": "abeautifulsite/simpleimage",
            "version": "2.5.6",
            "source": {
                "type": "git",
                "url": "https://github.com/claviska/SimpleImage.git",
                "reference": "5be7b5c912b94b85b20e423b9b8bd4680ccaa53b"
            },
            "dist": {
                "type": "zip",
                "url": "https://api.github.com/repos/claviska/SimpleImage/zipball/5be7b5c912b94b85b20e423b9b8bd4680ccaa53b",
                "reference": "5be7b5c912b94b85b20e423b9b8bd4680ccaa53b",
                "shasum": ""
            },
            "require": {
                "php": ">=5.3.0"
            },
            "type": "library",
            "extra": {
                "branch-alias": {
                    "dev-master": "2.5-dev"
                }
            },
            "autoload": {
                "psr-0": {
                    "abeautifulsite": "src/"
                }
            },
            "license": [
                "MIT"
            ],
            "authors": [
                {
                    "name": "Nazar Mokrynskyi",
                    "email": "nazar@mokrynskyi.com",
                    "homepage": "http://cleverstyle.org/",
                    "role": "Developer"
                },
                {
                    "name": "Cory LaViska",
                    "homepage": "http://www.abeautifulsite.net/",
                    "role": "Developer"
                }
            ],
            "description": "A PHP class that simplifies working with images",
            "time": "2015-08-08 06:11:41"
        },
        {
            "name": "bixie/formmaker",
            "version": "1.4.4",
            "dist": {
                "type": "zip",
                "url": "https://pagekit.com/package/bixie/formmaker/1.4.4.zip",
                "reference": null,
                "shasum": "db94787ec46dfb74f6034635a256a64526e3076a"
            },
            "require": {
                "google/recaptcha": "~1.1"
            },
            "type": "pagekit-extension",
            "extra": {
                "icon": "icon.svg",
                "scripts": "scripts.php"
            },
            "license": [
                "MIT"
            ],
            "authors": [
                {
                    "name": "Bixie",
                    "email": "info@bixie.org",
                    "homepage": "http://formmaker.bixie.org"
                }
            ],
            "description": "Create forms in your Pagekit site. Build forms and manage the submissions. Requires the Bixie Framework, available on the Pagekit Marketplace."
        },
        {
            "name": "bixie/pk-framework",
            "version": "1.0.4",
            "dist": {
                "type": "zip",
                "url": "https://pagekit.com/package/bixie/pk-framework/1.0.4.zip",
                "reference": null,
                "shasum": "d23128ce2d768ce4843a43bda056484582fd4c37"
            },
            "require": {
                "abeautifulsite/simpleimage": "2.5.*"
            },
            "type": "pagekit-extension",
            "extra": {
                "icon": "icon.svg"
            },
            "autoload": {
                "psr-4": {
                    "Bixie\\PkFramework\\": "src"
                }
            },
            "license": [
                "MIT"
            ],
            "authors": [
                {
                    "name": "Bixie",
                    "email": "info@bixie.org",
                    "homepage": "http://www.bixie.org"
                }
            ],
            "description": "Framework for Bixie extensions."
        },
        {
            "name": "google/recaptcha",
            "version": "1.1.3",
            "source": {
                "type": "git",
                "url": "https://github.com/google/recaptcha.git",
                "reference": "5a56d15ca10a7b75158178752b2ad8f755eb4f78"
            },
            "dist": {
                "type": "zip",
                "url": "https://api.github.com/repos/google/recaptcha/zipball/5a56d15ca10a7b75158178752b2ad8f755eb4f78",
                "reference": "5a56d15ca10a7b75158178752b2ad8f755eb4f78",
                "shasum": ""
            },
            "require": {
                "php": ">=5.5"
            },
            "require-dev": {
                "phpunit/phpunit": "^4.8"
            },
            "type": "library",
            "extra": {
                "branch-alias": {
                    "dev-master": "1.1.x-dev"
                }
            },
            "autoload": {
                "psr-4": {
                    "ReCaptcha\\": "src/ReCaptcha"
                }
            },
            "license": [
                "BSD-3-Clause"
            ],
            "description": "Client library for reCAPTCHA, a free service that protect websites from spam and abuse.",
            "homepage": "http://www.google.com/recaptcha/",
            "keywords": [
                "Abuse",
                "captcha",
                "recaptcha",
                "spam"
            ],
            "time": "2017-03-09 18:44:34"
        },
        {
            "name": "lusitanian/oauth",
            "version": "v0.3.6",
            "source": {
                "type": "git",
                "url": "https://github.com/Lusitanian/PHPoAuthLib.git",
                "reference": "4ce8c488971410233eb3b1e6d9ac4e81debb41d5"
            },
            "dist": {
                "type": "zip",
                "url": "https://api.github.com/repos/Lusitanian/PHPoAuthLib/zipball/4ce8c488971410233eb3b1e6d9ac4e81debb41d5",
                "reference": "4ce8c488971410233eb3b1e6d9ac4e81debb41d5",
                "shasum": ""
            },
            "require": {
                "php": ">=5.3.0"
            },
            "require-dev": {
                "phpunit/phpunit": "3.7.*",
                "predis/predis": "0.8.*@dev",
                "symfony/http-foundation": "~2.1"
            },
            "suggest": {
                "ext-openssl": "Allows for usage of secure connections with the stream-based HTTP client.",
                "predis/predis": "Allows using the Redis storage backend.",
                "symfony/http-foundation": "Allows using the Symfony Session storage backend."
            },
            "type": "library",
            "extra": {
                "branch-alias": {
                    "dev-master": "0.1-dev"
                }
            },
            "autoload": {
                "psr-0": {
                    "OAuth": "src",
                    "OAuth\\Unit": "tests"
                }
            },
            "license": [
                "MIT"
            ],
            "authors": [
                {
                    "name": "David Desberg",
                    "email": "david@daviddesberg.com"
                },
                {
                    "name": "Pieter Hordijk",
                    "email": "info@pieterhordijk.com"
                }
            ],
            "description": "PHP 5.3+ oAuth 1/2 Library",
            "keywords": [
                "Authentication",
                "authorization",
                "oauth",
                "security"
            ],
            "time": "2015-09-09 06:43:02"
        },
        {
            "name": "pagekit/blog",
            "version": "1.0.5",
            "dist": {
                "type": "zip",
                "url": "https://pagekit.com/package/pagekit/blog/1.0.5.zip",
                "reference": null,
                "shasum": "4657db4af9302b18be115050e82555ab09405a21"
            },
            "archive": {
                "exclude": [
                    "node_modules",
                    "!/app"
                ]
            },
            "type": "pagekit-extension",
            "extra": {
                "icon": "icon.svg",
                "scripts": "scripts.php"
            },
            "license": [
                "MIT"
            ],
            "authors": [
                {
                    "name": "Pagekit",
                    "email": "info@pagekit.com",
                    "homepage": "http://pagekit.com"
                }
            ],
            "description": "A blog extensions with a built-in comment system."
        },
        {
            "name": "tomekknapczyk/sitemap",
            "version": "1.0.0",
            "dist": {
                "type": "zip",
                "url": "https://pagekit.com/package/tomekknapczyk/sitemap/1.0.0.zip",
                "reference": null,
                "shasum": "cdb4a54c73f60a0987f07461e20645451080248a"
            },
            "archive": {
                "exclude": [
                    "node_modules",
                    "!/app"
                ]
            },
            "type": "pagekit-extension",
            "extra": {
                "icon": "icon.svg",
                "scripts": "scripts.php"
            },
            "license": [
                "MIT"
            ],
            "authors": [
                {
                    "name": "Tomek Knapczyk",
                    "email": "tomekknapczyk@gmail.com",
                    "homepage": "http://programista.io"
                }
            ],
            "description": "Sitemap generator"
        }
    ],
    "packages-dev": [],
    "aliases": [],
    "minimum-stability": "stable",
    "stability-flags": [],
    "prefer-stable": false,
    "prefer-lowest": false,
    "platform": [],
    "platform-dev": []
}
